
Microsoft Visual Studio Solution File, Format Version 12.00
# Visual Studio 15
VisualStudioVersion = 15.0.28307.1500
MinimumVisualStudioVersion = 10.0.40219.1
Project("{FAE04EC0-301F-11D3-BF4B-00C04F79EFBC}") = "Dice Simulator", "Dice Simulator\Dice Simulator.csproj", "{35D161CA-8324-4543-A982-0FE6B60037C2}"
EndProject
Global
	GlobalSection(SolutionConfigurationPlatforms) = preSolution
		Debug|Any CPU = Debug|Any CPU
		Release|Any CPU = Release|Any CPU
	EndGlobalSection
	GlobalSection(ProjectConfigurationPlatforms) = postSolution
		{35D161CA-8324-4543-A982-0FE6B60037C2}.Debug|Any CPU.ActiveCfg = Debug|Any CPU
		{35D161CA-8324-4543-A982-0FE6B60037C2}.Debug|Any CPU.Build.0 = Debug|Any CPU
		{35D161CA-8324-4543-A982-0FE6B60037C2}.Release|Any CPU.ActiveCfg = Release|Any CPU
		{35D161CA-8324-4543-A982-0FE6B60037C2}.Release|Any CPU.Build.0 = Release|Any CPU
	EndGlobalSection
	GlobalSection(SolutionProperties) = preSolution
		HideSolutionNode = FALSE
	EndGlobalSection
	GlobalSection(ExtensibilityGlobals) = postSolution
		SolutionGuid = {14F71008-6E82-45BA-928C-733AB398296D}
	EndGlobalSection
EndGlobal
